
Microsoft Visual Studio Solution File, Format Version 12.00
# Visual Studio Version 16
VisualStudioVersion = 16.0.30907.101
MinimumVisualStudioVersion = 10.0.40219.1
Project("{9A19103F-16F7-4668-BE54-9A1E7A4F7556}") = "doing", "doing.csproj", "{146E3703-4970-4D55-8C43-A67F5EBB7E74}"
EndProject
Global
	GlobalSection(SolutionConfigurationPlatforms) = preSolution
		Debug|Any CPU = Debug|Any CPU
		Release|Any CPU = Release|Any CPU
	EndGlobalSection
	GlobalSection(ProjectConfigurationPlatforms) = postSolution
		{146E3703-4970-4D55-8C43-A67F5EBB7E74}.Debug|Any CPU.ActiveCfg = Debug|Any CPU
		{146E3703-4970-4D55-8C43-A67F5EBB7E74}.Debug|Any CPU.Build.0 = Debug|Any CPU
		{146E3703-4970-4D55-8C43-A67F5EBB7E74}.Release|Any CPU.ActiveCfg = Release|x64
		{146E3703-4970-4D55-8C43-A67F5EBB7E74}.Release|Any CPU.Build.0 = Release|x64
	EndGlobalSection
	GlobalSection(SolutionProperties) = preSolution
		HideSolutionNode = FALSE
	EndGlobalSection
	GlobalSection(ExtensibilityGlobals) = postSolution
		SolutionGuid = {54169587-3EEB-407C-8588-B6A76F41A344}
	EndGlobalSection
EndGlobal
